
Microsoft Visual Studio Solution File, Format Version 12.00
# Visual Studio Version 17
VisualStudioVersion = 17.0.31903.59
MinimumVisualStudioVersion = 10.0.40219.1
Project("{FAE04EC0-301F-11D3-BF4B-00C04F79EFBC}") = "AgenticUI.Core", "src\AgenticUI.Core\AgenticUI.Core.csproj", "{F1F74038-30ED-48D0-9D57-99B5160944A1}"
EndProject
Project("{FAE04EC0-301F-11D3-BF4B-00C04F79EFBC}") = "AgenticUI.Remote", "src\AgenticUI.Remote\AgenticUI.Remote.csproj", "{8843783B-7910-4B7A-8897-38F17D93159D}"
EndProject
Project("{FAE04EC0-301F-11D3-BF4B-00C04F79EFBC}") = "AgenticUI.Wpf", "src\AgenticUI.Wpf\AgenticUI.Wpf.csproj", "{1CA8876F-E05E-4EC1-9DBB-623A95320210}"
EndProject
Project("{FAE04EC0-301F-11D3-BF4B-00C04F79EFBC}") = "AgenticUI.WinForms", "src\AgenticUI.WinForms\AgenticUI.WinForms.csproj", "{8B26DCD4-8E2F-4490-8B96-9D5F344A66FB}"
EndProject
Project("{FAE04EC0-301F-11D3-BF4B-00C04F79EFBC}") = "AgenticUI.Workbench.WinForms", "samples\WinForms\AgenticUI.Workbench.WinForms\AgenticUI.Workbench.WinForms.csproj", "{724EEA3B-D704-4DE6-B623-3BFB618673D6}"
EndProject
Project("{FAE04EC0-301F-11D3-BF4B-00C04F79EFBC}") = "AgenticUI.RemoteConsole.WinForms", "samples\WinForms\AgenticUI.RemoteConsole.WinForms\AgenticUI.RemoteConsole.WinForms.csproj", "{92C129B9-EA21-463D-9D87-D6EE7DF7C0E2}"
EndProject
Project("{FAE04EC0-301F-11D3-BF4B-00C04F79EFBC}") = "AgenticUI.Core.Tests", "tests\AgenticUI.Core.Tests\AgenticUI.Core.Tests.csproj", "{47660C63-C3EA-458C-B344-EAE92B03A81F}"
EndProject
Project("{FAE04EC0-301F-11D3-BF4B-00C04F79EFBC}") = "AgenticUI.WinForms.Tests", "tests\AgenticUI.WinForms.Tests\AgenticUI.WinForms.Tests.csproj", "{6AA1A88F-B591-4A21-9221-ED2930713613}"
EndProject
Project("{FAE04EC0-301F-11D3-BF4B-00C04F79EFBC}") = "AgenticUI.Workbench.Wpf", "samples\Wpf\AgenticUI.Workbench.Wpf\AgenticUI.Workbench.Wpf.csproj", "{7116FC72-7C39-4806-B471-EA369DA60DC3}"
EndProject
Project("{FAE04EC0-301F-11D3-BF4B-00C04F79EFBC}") = "AgenticUI.RemoteConsole.Wpf", "samples\Wpf\AgenticUI.RemoteConsole.Wpf\AgenticUI.RemoteConsole.Wpf.csproj", "{D74E6883-BDE0-4C4F-9682-6FD8B8783BAF}"
EndProject
Project("{2150E333-8FDC-42A3-9474-1A3956D46DE8}") = "src", "src", "{A11C0001-1111-4111-8111-111111111111}"
EndProject
Project("{2150E333-8FDC-42A3-9474-1A3956D46DE8}") = "samples", "samples", "{5D20AA90-6969-D8BD-9DCD-8634F4692FDA}"
EndProject
Project("{2150E333-8FDC-42A3-9474-1A3956D46DE8}") = "WinForms", "WinForms", "{F11C1001-AAAA-4AAA-8AAA-AAAAAAAAAAAA}"
EndProject
Project("{2150E333-8FDC-42A3-9474-1A3956D46DE8}") = "Wpf", "Wpf", "{F22C2002-BBBB-4BBB-8BBB-BBBBBBBBBBBB}"
EndProject
Project("{2150E333-8FDC-42A3-9474-1A3956D46DE8}") = "tests", "tests", "{B22C0002-2222-4222-8222-222222222222}"
EndProject
Project("{2150E333-8FDC-42A3-9474-1A3956D46DE8}") = "docs", "docs", "{C33C0003-3333-4333-8333-333333333333}"
	ProjectSection(SolutionItems) = preProject
		docs\architecture.zh-CN.md = docs\architecture.zh-CN.md
		docs\local-protocol.zh-CN.md = docs\local-protocol.zh-CN.md
		docs\AI-HANDOFF.zh-CN.md = docs\AI-HANDOFF.zh-CN.md
	EndProjectSection
EndProject
Project("{2150E333-8FDC-42A3-9474-1A3956D46DE8}") = "Solution Items", "Solution Items", "{D44C0004-4444-4444-8444-444444444444}"
	ProjectSection(SolutionItems) = preProject
		.gitignore = .gitignore
		CHANGELOG.md = CHANGELOG.md
		Directory.Build.props = Directory.Build.props
		Directory.Build.targets = Directory.Build.targets
		README.md = README.md
		SECURITY.md = SECURITY.md
	EndProjectSection
EndProject
Project("{2150E333-8FDC-42A3-9474-1A3956D46DE8}") = "workflows", "workflows", "{E55C0005-5555-4555-8555-555555555555}"
	ProjectSection(SolutionItems) = preProject
		.github\workflows\ci.yml = .github\workflows\ci.yml
	EndProjectSection
EndProject
Global
	GlobalSection(SolutionConfigurationPlatforms) = preSolution
		Debug|Any CPU = Debug|Any CPU
		Debug|x64 = Debug|x64
		Debug|x86 = Debug|x86
		Release|Any CPU = Release|Any CPU
		Release|x64 = Release|x64
		Release|x86 = Release|x86
	EndGlobalSection
	GlobalSection(ProjectConfigurationPlatforms) = postSolution
		{F1F74038-30ED-48D0-9D57-99B5160944A1}.Debug|Any CPU.ActiveCfg = Debug|Any CPU
		{F1F74038-30ED-48D0-9D57-99B5160944A1}.Debug|Any CPU.Build.0 = Debug|Any CPU
		{F1F74038-30ED-48D0-9D57-99B5160944A1}.Debug|x64.ActiveCfg = Debug|Any CPU
		{F1F74038-30ED-48D0-9D57-99B5160944A1}.Debug|x64.Build.0 = Debug|Any CPU
		{F1F74038-30ED-48D0-9D57-99B5160944A1}.Debug|x86.ActiveCfg = Debug|Any CPU
		{F1F74038-30ED-48D0-9D57-99B5160944A1}.Debug|x86.Build.0 = Debug|Any CPU
		{F1F74038-30ED-48D0-9D57-99B5160944A1}.Release|Any CPU.ActiveCfg = Release|Any CPU
		{F1F74038-30ED-48D0-9D57-99B5160944A1}.Release|Any CPU.Build.0 = Release|Any CPU
		{F1F74038-30ED-48D0-9D57-99B5160944A1}.Release|x64.ActiveCfg = Release|Any CPU
		{F1F74038-30ED-48D0-9D57-99B5160944A1}.Release|x64.Build.0 = Release|Any CPU
		{F1F74038-30ED-48D0-9D57-99B5160944A1}.Release|x86.ActiveCfg = Release|Any CPU
		{F1F74038-30ED-48D0-9D57-99B5160944A1}.Release|x86.Build.0 = Release|Any CPU
		{8843783B-7910-4B7A-8897-38F17D93159D}.Debug|Any CPU.ActiveCfg = Debug|Any CPU
		{8843783B-7910-4B7A-8897-38F17D93159D}.Debug|Any CPU.Build.0 = Debug|Any CPU
		{8843783B-7910-4B7A-8897-38F17D93159D}.Debug|x64.ActiveCfg = Debug|Any CPU
		{8843783B-7910-4B7A-8897-38F17D93159D}.Debug|x64.Build.0 = Debug|Any CPU
		{8843783B-7910-4B7A-8897-38F17D93159D}.Debug|x86.ActiveCfg = Debug|Any CPU
		{8843783B-7910-4B7A-8897-38F17D93159D}.Debug|x86.Build.0 = Debug|Any CPU
		{8843783B-7910-4B7A-8897-38F17D93159D}.Release|Any CPU.ActiveCfg = Release|Any CPU
		{8843783B-7910-4B7A-8897-38F17D93159D}.Release|Any CPU.Build.0 = Release|Any CPU
		{8843783B-7910-4B7A-8897-38F17D93159D}.Release|x64.ActiveCfg = Release|Any CPU
		{8843783B-7910-4B7A-8897-38F17D93159D}.Release|x64.Build.0 = Release|Any CPU
		{8843783B-7910-4B7A-8897-38F17D93159D}.Release|x86.ActiveCfg = Release|Any CPU
		{8843783B-7910-4B7A-8897-38F17D93159D}.Release|x86.Build.0 = Release|Any CPU
		{1CA8876F-E05E-4EC1-9DBB-623A95320210}.Debug|Any CPU.ActiveCfg = Debug|Any CPU
		{1CA8876F-E05E-4EC1-9DBB-623A95320210}.Debug|Any CPU.Build.0 = Debug|Any CPU
		{1CA8876F-E05E-4EC1-9DBB-623A95320210}.Debug|x64.ActiveCfg = Debug|Any CPU
		{1CA8876F-E05E-4EC1-9DBB-623A95320210}.Debug|x64.Build.0 = Debug|Any CPU
		{1CA8876F-E05E-4EC1-9DBB-623A95320210}.Debug|x86.ActiveCfg = Debug|Any CPU
		{1CA8876F-E05E-4EC1-9DBB-623A95320210}.Debug|x86.Build.0 = Debug|Any CPU
		{1CA8876F-E05E-4EC1-9DBB-623A95320210}.Release|Any CPU.ActiveCfg = Release|Any CPU
		{1CA8876F-E05E-4EC1-9DBB-623A95320210}.Release|Any CPU.Build.0 = Release|Any CPU
		{1CA8876F-E05E-4EC1-9DBB-623A95320210}.Release|x64.ActiveCfg = Release|Any CPU
		{1CA8876F-E05E-4EC1-9DBB-623A95320210}.Release|x64.Build.0 = Release|Any CPU
		{1CA8876F-E05E-4EC1-9DBB-623A95320210}.Release|x86.ActiveCfg = Release|Any CPU
		{1CA8876F-E05E-4EC1-9DBB-623A95320210}.Release|x86.Build.0 = Release|Any CPU
		{8B26DCD4-8E2F-4490-8B96-9D5F344A66FB}.Debug|Any CPU.ActiveCfg = Debug|Any CPU
		{8B26DCD4-8E2F-4490-8B96-9D5F344A66FB}.Debug|Any CPU.Build.0 = Debug|Any CPU
		{8B26DCD4-8E2F-4490-8B96-9D5F344A66FB}.Debug|x64.ActiveCfg = Debug|Any CPU
		{8B26DCD4-8E2F-4490-8B96-9D5F344A66FB}.Debug|x64.Build.0 = Debug|Any CPU
		{8B26DCD4-8E2F-4490-8B96-9D5F344A66FB}.Debug|x86.ActiveCfg = Debug|Any CPU
		{8B26DCD4-8E2F-4490-8B96-9D5F344A66FB}.Debug|x86.Build.0 = Debug|Any CPU
		{8B26DCD4-8E2F-4490-8B96-9D5F344A66FB}.Release|Any CPU.ActiveCfg = Release|Any CPU
		{8B26DCD4-8E2F-4490-8B96-9D5F344A66FB}.Release|Any CPU.Build.0 = Release|Any CPU
		{8B26DCD4-8E2F-4490-8B96-9D5F344A66FB}.Release|x64.ActiveCfg = Release|Any CPU
		{8B26DCD4-8E2F-4490-8B96-9D5F344A66FB}.Release|x64.Build.0 = Release|Any CPU
		{8B26DCD4-8E2F-4490-8B96-9D5F344A66FB}.Release|x86.ActiveCfg = Release|Any CPU
		{8B26DCD4-8E2F-4490-8B96-9D5F344A66FB}.Release|x86.Build.0 = Release|Any CPU
		{724EEA3B-D704-4DE6-B623-3BFB618673D6}.Debug|Any CPU.ActiveCfg = Debug|Any CPU
		{724EEA3B-D704-4DE6-B623-3BFB618673D6}.Debug|Any CPU.Build.0 = Debug|Any CPU
		{724EEA3B-D704-4DE6-B623-3BFB618673D6}.Debug|x64.ActiveCfg = Debug|Any CPU
		{724EEA3B-D704-4DE6-B623-3BFB618673D6}.Debug|x64.Build.0 = Debug|Any CPU
		{724EEA3B-D704-4DE6-B623-3BFB618673D6}.Debug|x86.ActiveCfg = Debug|Any CPU
		{724EEA3B-D704-4DE6-B623-3BFB618673D6}.Debug|x86.Build.0 = Debug|Any CPU
		{724EEA3B-D704-4DE6-B623-3BFB618673D6}.Release|Any CPU.ActiveCfg = Release|Any CPU
		{724EEA3B-D704-4DE6-B623-3BFB618673D6}.Release|Any CPU.Build.0 = Release|Any CPU
		{724EEA3B-D704-4DE6-B623-3BFB618673D6}.Release|x64.ActiveCfg = Release|Any CPU
		{724EEA3B-D704-4DE6-B623-3BFB618673D6}.Release|x64.Build.0 = Release|Any CPU
		{724EEA3B-D704-4DE6-B623-3BFB618673D6}.Release|x86.ActiveCfg = Release|Any CPU
		{724EEA3B-D704-4DE6-B623-3BFB618673D6}.Release|x86.Build.0 = Release|Any CPU
		{92C129B9-EA21-463D-9D87-D6EE7DF7C0E2}.Debug|Any CPU.ActiveCfg = Debug|Any CPU
		{92C129B9-EA21-463D-9D87-D6EE7DF7C0E2}.Debug|Any CPU.Build.0 = Debug|Any CPU
		{92C129B9-EA21-463D-9D87-D6EE7DF7C0E2}.Debug|x64.ActiveCfg = Debug|Any CPU
		{92C129B9-EA21-463D-9D87-D6EE7DF7C0E2}.Debug|x64.Build.0 = Debug|Any CPU
		{92C129B9-EA21-463D-9D87-D6EE7DF7C0E2}.Debug|x86.ActiveCfg = Debug|Any CPU
		{92C129B9-EA21-463D-9D87-D6EE7DF7C0E2}.Debug|x86.Build.0 = Debug|Any CPU
		{92C129B9-EA21-463D-9D87-D6EE7DF7C0E2}.Release|Any CPU.ActiveCfg = Release|Any CPU
		{92C129B9-EA21-463D-9D87-D6EE7DF7C0E2}.Release|Any CPU.Build.0 = Release|Any CPU
		{92C129B9-EA21-463D-9D87-D6EE7DF7C0E2}.Release|x64.ActiveCfg = Release|Any CPU
		{92C129B9-EA21-463D-9D87-D6EE7DF7C0E2}.Release|x64.Build.0 = Release|Any CPU
		{92C129B9-EA21-463D-9D87-D6EE7DF7C0E2}.Release|x86.ActiveCfg = Release|Any CPU
		{92C129B9-EA21-463D-9D87-D6EE7DF7C0E2}.Release|x86.Build.0 = Release|Any CPU
		{47660C63-C3EA-458C-B344-EAE92B03A81F}.Debug|Any CPU.ActiveCfg = Debug|Any CPU
		{47660C63-C3EA-458C-B344-EAE92B03A81F}.Debug|Any CPU.Build.0 = Debug|Any CPU
		{47660C63-C3EA-458C-B344-EAE92B03A81F}.Debug|x64.ActiveCfg = Debug|Any CPU
		{47660C63-C3EA-458C-B344-EAE92B03A81F}.Debug|x64.Build.0 = Debug|Any CPU
		{47660C63-C3EA-458C-B344-EAE92B03A81F}.Debug|x86.ActiveCfg = Debug|Any CPU
		{47660C63-C3EA-458C-B344-EAE92B03A81F}.Debug|x86.Build.0 = Debug|Any CPU
		{47660C63-C3EA-458C-B344-EAE92B03A81F}.Release|Any CPU.ActiveCfg = Release|Any CPU
		{47660C63-C3EA-458C-B344-EAE92B03A81F}.Release|Any CPU.Build.0 = Release|Any CPU
		{47660C63-C3EA-458C-B344-EAE92B03A81F}.Release|x64.ActiveCfg = Release|Any CPU
		{47660C63-C3EA-458C-B344-EAE92B03A81F}.Release|x64.Build.0 = Release|Any CPU
		{47660C63-C3EA-458C-B344-EAE92B03A81F}.Release|x86.ActiveCfg = Release|Any CPU
		{47660C63-C3EA-458C-B344-EAE92B03A81F}.Release|x86.Build.0 = Release|Any CPU
		{6AA1A88F-B591-4A21-9221-ED2930713613}.Debug|Any CPU.ActiveCfg = Debug|Any CPU
		{6AA1A88F-B591-4A21-9221-ED2930713613}.Debug|Any CPU.Build.0 = Debug|Any CPU
		{6AA1A88F-B591-4A21-9221-ED2930713613}.Debug|x64.ActiveCfg = Debug|Any CPU
		{6AA1A88F-B591-4A21-9221-ED2930713613}.Debug|x64.Build.0 = Debug|Any CPU
		{6AA1A88F-B591-4A21-9221-ED2930713613}.Debug|x86.ActiveCfg = Debug|Any CPU
		{6AA1A88F-B591-4A21-9221-ED2930713613}.Debug|x86.Build.0 = Debug|Any CPU
		{6AA1A88F-B591-4A21-9221-ED2930713613}.Release|Any CPU.ActiveCfg = Release|Any CPU
		{6AA1A88F-B591-4A21-9221-ED2930713613}.Release|Any CPU.Build.0 = Release|Any CPU
		{6AA1A88F-B591-4A21-9221-ED2930713613}.Release|x64.ActiveCfg = Release|Any CPU
		{6AA1A88F-B591-4A21-9221-ED2930713613}.Release|x64.Build.0 = Release|Any CPU
		{6AA1A88F-B591-4A21-9221-ED2930713613}.Release|x86.ActiveCfg = Release|Any CPU
		{6AA1A88F-B591-4A21-9221-ED2930713613}.Release|x86.Build.0 = Release|Any CPU
		{7116FC72-7C39-4806-B471-EA369DA60DC3}.Debug|Any CPU.ActiveCfg = Debug|Any CPU
		{7116FC72-7C39-4806-B471-EA369DA60DC3}.Debug|Any CPU.Build.0 = Debug|Any CPU
		{7116FC72-7C39-4806-B471-EA369DA60DC3}.Debug|x64.ActiveCfg = Debug|Any CPU
		{7116FC72-7C39-4806-B471-EA369DA60DC3}.Debug|x64.Build.0 = Debug|Any CPU
		{7116FC72-7C39-4806-B471-EA369DA60DC3}.Debug|x86.ActiveCfg = Debug|Any CPU
		{7116FC72-7C39-4806-B471-EA369DA60DC3}.Debug|x86.Build.0 = Debug|Any CPU
		{7116FC72-7C39-4806-B471-EA369DA60DC3}.Release|Any CPU.ActiveCfg = Release|Any CPU
		{7116FC72-7C39-4806-B471-EA369DA60DC3}.Release|Any CPU.Build.0 = Release|Any CPU
		{7116FC72-7C39-4806-B471-EA369DA60DC3}.Release|x64.ActiveCfg = Release|Any CPU
		{7116FC72-7C39-4806-B471-EA369DA60DC3}.Release|x64.Build.0 = Release|Any CPU
		{7116FC72-7C39-4806-B471-EA369DA60DC3}.Release|x86.ActiveCfg = Release|Any CPU
		{7116FC72-7C39-4806-B471-EA369DA60DC3}.Release|x86.Build.0 = Release|Any CPU
		{D74E6883-BDE0-4C4F-9682-6FD8B8783BAF}.Debug|Any CPU.ActiveCfg = Debug|Any CPU
		{D74E6883-BDE0-4C4F-9682-6FD8B8783BAF}.Debug|Any CPU.Build.0 = Debug|Any CPU
		{D74E6883-BDE0-4C4F-9682-6FD8B8783BAF}.Debug|x64.ActiveCfg = Debug|Any CPU
		{D74E6883-BDE0-4C4F-9682-6FD8B8783BAF}.Debug|x64.Build.0 = Debug|Any CPU
		{D74E6883-BDE0-4C4F-9682-6FD8B8783BAF}.Debug|x86.ActiveCfg = Debug|Any CPU
		{D74E6883-BDE0-4C4F-9682-6FD8B8783BAF}.Debug|x86.Build.0 = Debug|Any CPU
		{D74E6883-BDE0-4C4F-9682-6FD8B8783BAF}.Release|Any CPU.ActiveCfg = Release|Any CPU
		{D74E6883-BDE0-4C4F-9682-6FD8B8783BAF}.Release|Any CPU.Build.0 = Release|Any CPU
		{D74E6883-BDE0-4C4F-9682-6FD8B8783BAF}.Release|x64.ActiveCfg = Release|Any CPU
		{D74E6883-BDE0-4C4F-9682-6FD8B8783BAF}.Release|x64.Build.0 = Release|Any CPU
		{D74E6883-BDE0-4C4F-9682-6FD8B8783BAF}.Release|x86.ActiveCfg = Release|Any CPU
		{D74E6883-BDE0-4C4F-9682-6FD8B8783BAF}.Release|x86.Build.0 = Release|Any CPU
	EndGlobalSection
	GlobalSection(SolutionProperties) = preSolution
		HideSolutionNode = FALSE
	EndGlobalSection
	GlobalSection(NestedProjects) = preSolution
		{F1F74038-30ED-48D0-9D57-99B5160944A1} = {A11C0001-1111-4111-8111-111111111111}
		{8843783B-7910-4B7A-8897-38F17D93159D} = {A11C0001-1111-4111-8111-111111111111}
		{1CA8876F-E05E-4EC1-9DBB-623A95320210} = {A11C0001-1111-4111-8111-111111111111}
		{8B26DCD4-8E2F-4490-8B96-9D5F344A66FB} = {A11C0001-1111-4111-8111-111111111111}
		{F11C1001-AAAA-4AAA-8AAA-AAAAAAAAAAAA} = {5D20AA90-6969-D8BD-9DCD-8634F4692FDA}
		{F22C2002-BBBB-4BBB-8BBB-BBBBBBBBBBBB} = {5D20AA90-6969-D8BD-9DCD-8634F4692FDA}
		{724EEA3B-D704-4DE6-B623-3BFB618673D6} = {F11C1001-AAAA-4AAA-8AAA-AAAAAAAAAAAA}
		{92C129B9-EA21-463D-9D87-D6EE7DF7C0E2} = {F11C1001-AAAA-4AAA-8AAA-AAAAAAAAAAAA}
		{7116FC72-7C39-4806-B471-EA369DA60DC3} = {F22C2002-BBBB-4BBB-8BBB-BBBBBBBBBBBB}
		{D74E6883-BDE0-4C4F-9682-6FD8B8783BAF} = {F22C2002-BBBB-4BBB-8BBB-BBBBBBBBBBBB}
		{47660C63-C3EA-458C-B344-EAE92B03A81F} = {B22C0002-2222-4222-8222-222222222222}
		{6AA1A88F-B591-4A21-9221-ED2930713613} = {B22C0002-2222-4222-8222-222222222222}
		{E55C0005-5555-4555-8555-555555555555} = {D44C0004-4444-4444-8444-444444444444}
	EndGlobalSection
	GlobalSection(ExtensibilityGlobals) = postSolution
		SolutionGuid = {F7A1B2C3-D4E5-6789-ABCD-EF0123456789}
	EndGlobalSection
EndGlobal
